
Microsoft Visual Studio Solution File, Format Version 12.00
# Visual Studio Version 17
VisualStudioVersion = 17.5.002.0
MinimumVisualStudioVersion = 10.0.40219.1
Project("{2150E333-8FDC-42A3-9474-1A3956D46DE8}") = "Aula1", "Aula1", "{31105CF7-75FB-41D1-8C18-0739FFB9B5A1}"
EndProject
Project("{9A19103F-16F7-4668-BE54-9A1E7A4F7556}") = "MyWinFormsApp", "Aula1\MyWinFormsApp\MyWinFormsApp.csproj", "{EF900032-BD36-400D-80D4-F47B6FBFA7A2}"
EndProject
Global
	GlobalSection(SolutionConfigurationPlatforms) = preSolution
		Debug|Any CPU = Debug|Any CPU
		Release|Any CPU = Release|Any CPU
	EndGlobalSection
	GlobalSection(ProjectConfigurationPlatforms) = postSolution
		{EF900032-BD36-400D-80D4-F47B6FBFA7A2}.Debug|Any CPU.ActiveCfg = Debug|Any CPU
		{EF900032-BD36-400D-80D4-F47B6FBFA7A2}.Debug|Any CPU.Build.0 = Debug|Any CPU
		{EF900032-BD36-400D-80D4-F47B6FBFA7A2}.Release|Any CPU.ActiveCfg = Release|Any CPU
		{EF900032-BD36-400D-80D4-F47B6FBFA7A2}.Release|Any CPU.Build.0 = Release|Any CPU
	EndGlobalSection
	GlobalSection(SolutionProperties) = preSolution
		HideSolutionNode = FALSE
	EndGlobalSection
	GlobalSection(NestedProjects) = preSolution
		{EF900032-BD36-400D-80D4-F47B6FBFA7A2} = {31105CF7-75FB-41D1-8C18-0739FFB9B5A1}
	EndGlobalSection
	GlobalSection(ExtensibilityGlobals) = postSolution
		SolutionGuid = {7603E7A2-2F93-45A0-87C8-2691A58221E4}
	EndGlobalSection
EndGlobal
